
Microsoft Visual Studio Solution File, Format Version 12.00
# Visual Studio 2013
VisualStudioVersion = 12.0.31101.0
MinimumVisualStudioVersion = 10.0.40219.1
Project("{FAE04EC0-301F-11D3-BF4B-00C04F79EFBC}") = "BABlackBelt", "BABlackBelt\BABlackBelt.csproj", "{E1BC66B5-19E1-463B-B512-2DD60157C7E3}"
EndProject
Project("{FAE04EC0-301F-11D3-BF4B-00C04F79EFBC}") = "BAUtil", "BAUtil\BAUtil.csproj", "{464F372C-256D-40F7-B69C-B405DA9DEB37}"
EndProject
Project("{FAE04EC0-301F-11D3-BF4B-00C04F79EFBC}") = "TestService", "TestService\TestService.csproj", "{4ACB57B3-0CA6-4743-8EBC-9860F5001B0E}"
EndProject
Project("{FAE04EC0-301F-11D3-BF4B-00C04F79EFBC}") = "ServerLib", "ServerLib\ServerLib.csproj", "{00D88711-CBC5-4BB8-9F59-C5970F8C8F6C}"
EndProject
Project("{FAE04EC0-301F-11D3-BF4B-00C04F79EFBC}") = "BABlackBeltService", "BABlackBeltService\BABlackBeltService.csproj", "{782E60CD-9555-487E-8FCD-121597BA472E}"
EndProject
Project("{6141683F-8A12-4E36-9623-2EB02B2C2303}") = "Setup", "Setup\Setup.isproj", "{B6051B7E-78A3-4162-8247-39C9F7FDC73E}"
	ProjectSection(ProjectDependencies) = postProject
		{00D88711-CBC5-4BB8-9F59-C5970F8C8F6C} = {00D88711-CBC5-4BB8-9F59-C5970F8C8F6C}
		{464F372C-256D-40F7-B69C-B405DA9DEB37} = {464F372C-256D-40F7-B69C-B405DA9DEB37}
		{E1BC66B5-19E1-463B-B512-2DD60157C7E3} = {E1BC66B5-19E1-463B-B512-2DD60157C7E3}
	EndProjectSection
EndProject
Project("{6141683F-8A12-4E36-9623-2EB02B2C2303}") = "SetupService", "SetupService\SetupService.isproj", "{CE4F6BA1-00E7-4F5C-B9AF-36F1D11D47B9}"
	ProjectSection(ProjectDependencies) = postProject
		{00D88711-CBC5-4BB8-9F59-C5970F8C8F6C} = {00D88711-CBC5-4BB8-9F59-C5970F8C8F6C}
		{4ACB57B3-0CA6-4743-8EBC-9860F5001B0E} = {4ACB57B3-0CA6-4743-8EBC-9860F5001B0E}
		{782E60CD-9555-487E-8FCD-121597BA472E} = {782E60CD-9555-487E-8FCD-121597BA472E}
	EndProjectSection
EndProject
Project("{FAE04EC0-301F-11D3-BF4B-00C04F79EFBC}") = "UnitTest", "UnitTest\UnitTest.csproj", "{67C2465C-7B42-4C75-88B7-0B40EB2924FF}"
EndProject
Global
	GlobalSection(SolutionConfigurationPlatforms) = preSolution
		CD_ROM|Any CPU = CD_ROM|Any CPU
		CD_ROM|Mixed Platforms = CD_ROM|Mixed Platforms
		CD_ROM|x86 = CD_ROM|x86
		Debug|Any CPU = Debug|Any CPU
		Debug|Mixed Platforms = Debug|Mixed Platforms
		Debug|x86 = Debug|x86
		DVD-5|Any CPU = DVD-5|Any CPU
		DVD-5|Mixed Platforms = DVD-5|Mixed Platforms
		DVD-5|x86 = DVD-5|x86
		Release|Any CPU = Release|Any CPU
		Release|Mixed Platforms = Release|Mixed Platforms
		Release|x86 = Release|x86
		SingleImage|Any CPU = SingleImage|Any CPU
		SingleImage|Mixed Platforms = SingleImage|Mixed Platforms
		SingleImage|x86 = SingleImage|x86
	EndGlobalSection
	GlobalSection(ProjectConfigurationPlatforms) = postSolution
		{E1BC66B5-19E1-463B-B512-2DD60157C7E3}.CD_ROM|Any CPU.ActiveCfg = Release|Any CPU
		{E1BC66B5-19E1-463B-B512-2DD60157C7E3}.CD_ROM|Any CPU.Build.0 = Release|Any CPU
		{E1BC66B5-19E1-463B-B512-2DD60157C7E3}.CD_ROM|Mixed Platforms.ActiveCfg = Release|x86
		{E1BC66B5-19E1-463B-B512-2DD60157C7E3}.CD_ROM|Mixed Platforms.Build.0 = Release|x86
		{E1BC66B5-19E1-463B-B512-2DD60157C7E3}.CD_ROM|x86.ActiveCfg = Release|x86
		{E1BC66B5-19E1-463B-B512-2DD60157C7E3}.CD_ROM|x86.Build.0 = Release|x86
		{E1BC66B5-19E1-463B-B512-2DD60157C7E3}.Debug|Any CPU.ActiveCfg = Debug|Any CPU
		{E1BC66B5-19E1-463B-B512-2DD60157C7E3}.Debug|Any CPU.Build.0 = Debug|Any CPU
		{E1BC66B5-19E1-463B-B512-2DD60157C7E3}.Debug|Mixed Platforms.ActiveCfg = Debug|Any CPU
		{E1BC66B5-19E1-463B-B512-2DD60157C7E3}.Debug|Mixed Platforms.Build.0 = Debug|Any CPU
		{E1BC66B5-19E1-463B-B512-2DD60157C7E3}.Debug|x86.ActiveCfg = Debug|x86
		{E1BC66B5-19E1-463B-B512-2DD60157C7E3}.Debug|x86.Build.0 = Debug|x86
		{E1BC66B5-19E1-463B-B512-2DD60157C7E3}.DVD-5|Any CPU.ActiveCfg = Debug|Any CPU
		{E1BC66B5-19E1-463B-B512-2DD60157C7E3}.DVD-5|Any CPU.Build.0 = Debug|Any CPU
		{E1BC66B5-19E1-463B-B512-2DD60157C7E3}.DVD-5|Mixed Platforms.ActiveCfg = Debug|x86
		{E1BC66B5-19E1-463B-B512-2DD60157C7E3}.DVD-5|Mixed Platforms.Build.0 = Debug|x86
		{E1BC66B5-19E1-463B-B512-2DD60157C7E3}.DVD-5|x86.ActiveCfg = Debug|x86
		{E1BC66B5-19E1-463B-B512-2DD60157C7E3}.DVD-5|x86.Build.0 = Debug|x86
		{E1BC66B5-19E1-463B-B512-2DD60157C7E3}.Release|Any CPU.ActiveCfg = Release|Any CPU
		{E1BC66B5-19E1-463B-B512-2DD60157C7E3}.Release|Any CPU.Build.0 = Release|Any CPU
		{E1BC66B5-19E1-463B-B512-2DD60157C7E3}.Release|Mixed Platforms.ActiveCfg = Release|Any CPU
		{E1BC66B5-19E1-463B-B512-2DD60157C7E3}.Release|Mixed Platforms.Build.0 = Release|Any CPU
		{E1BC66B5-19E1-463B-B512-2DD60157C7E3}.Release|x86.ActiveCfg = Release|x86
		{E1BC66B5-19E1-463B-B512-2DD60157C7E3}.Release|x86.Build.0 = Release|x86
		{E1BC66B5-19E1-463B-B512-2DD60157C7E3}.SingleImage|Any CPU.ActiveCfg = Release|Any CPU
		{E1BC66B5-19E1-463B-B512-2DD60157C7E3}.SingleImage|Any CPU.Build.0 = Release|Any CPU
		{E1BC66B5-19E1-463B-B512-2DD60157C7E3}.SingleImage|Mixed Platforms.ActiveCfg = Release|x86
		{E1BC66B5-19E1-463B-B512-2DD60157C7E3}.SingleImage|Mixed Platforms.Build.0 = Release|x86
		{E1BC66B5-19E1-463B-B512-2DD60157C7E3}.SingleImage|x86.ActiveCfg = Release|x86
		{E1BC66B5-19E1-463B-B512-2DD60157C7E3}.SingleImage|x86.Build.0 = Release|x86
		{464F372C-256D-40F7-B69C-B405DA9DEB37}.CD_ROM|Any CPU.ActiveCfg = Release|Any CPU
		{464F372C-256D-40F7-B69C-B405DA9DEB37}.CD_ROM|Any CPU.Build.0 = Release|Any CPU
		{464F372C-256D-40F7-B69C-B405DA9DEB37}.CD_ROM|Mixed Platforms.ActiveCfg = Release|Any CPU
		{464F372C-256D-40F7-B69C-B405DA9DEB37}.CD_ROM|Mixed Platforms.Build.0 = Release|Any CPU
		{464F372C-256D-40F7-B69C-B405DA9DEB37}.CD_ROM|x86.ActiveCfg = Release|Any CPU
		{464F372C-256D-40F7-B69C-B405DA9DEB37}.Debug|Any CPU.ActiveCfg = Debug|Any CPU
		{464F372C-256D-40F7-B69C-B405DA9DEB37}.Debug|Any CPU.Build.0 = Debug|Any CPU
		{464F372C-256D-40F7-B69C-B405DA9DEB37}.Debug|Mixed Platforms.ActiveCfg = Debug|Any CPU
		{464F372C-256D-40F7-B69C-B405DA9DEB37}.Debug|Mixed Platforms.Build.0 = Debug|Any CPU
		{464F372C-256D-40F7-B69C-B405DA9DEB37}.Debug|x86.ActiveCfg = Debug|Any CPU
		{464F372C-256D-40F7-B69C-B405DA9DEB37}.DVD-5|Any CPU.ActiveCfg = Debug|Any CPU
		{464F372C-256D-40F7-B69C-B405DA9DEB37}.DVD-5|Any CPU.Build.0 = Debug|Any CPU
		{464F372C-256D-40F7-B69C-B405DA9DEB37}.DVD-5|Mixed Platforms.ActiveCfg = Debug|Any CPU
		{464F372C-256D-40F7-B69C-B405DA9DEB37}.DVD-5|Mixed Platforms.Build.0 = Debug|Any CPU
		{464F372C-256D-40F7-B69C-B405DA9DEB37}.DVD-5|x86.ActiveCfg = Debug|Any CPU
		{464F372C-256D-40F7-B69C-B405DA9DEB37}.Release|Any CPU.ActiveCfg = Release|Any CPU
		{464F372C-256D-40F7-B69C-B405DA9DEB37}.Release|Any CPU.Build.0 = Release|Any CPU
		{464F372C-256D-40F7-B69C-B405DA9DEB37}.Release|Mixed Platforms.ActiveCfg = Release|Any CPU
		{464F372C-256D-40F7-B69C-B405DA9DEB37}.Release|Mixed Platforms.Build.0 = Release|Any CPU
		{464F372C-256D-40F7-B69C-B405DA9DEB37}.Release|x86.ActiveCfg = Release|Any CPU
		{464F372C-256D-40F7-B69C-B405DA9DEB37}.SingleImage|Any CPU.ActiveCfg = Release|Any CPU
		{464F372C-256D-40F7-B69C-B405DA9DEB37}.SingleImage|Any CPU.Build.0 = Release|Any CPU
		{464F372C-256D-40F7-B69C-B405DA9DEB37}.SingleImage|Mixed Platforms.ActiveCfg = Release|Any CPU
		{464F372C-256D-40F7-B69C-B405DA9DEB37}.SingleImage|Mixed Platforms.Build.0 = Release|Any CPU
		{464F372C-256D-40F7-B69C-B405DA9DEB37}.SingleImage|x86.ActiveCfg = Release|Any CPU
		{4ACB57B3-0CA6-4743-8EBC-9860F5001B0E}.CD_ROM|Any CPU.ActiveCfg = Release|x86
		{4ACB57B3-0CA6-4743-8EBC-9860F5001B0E}.CD_ROM|Mixed Platforms.ActiveCfg = Release|x86
		{4ACB57B3-0CA6-4743-8EBC-9860F5001B0E}.CD_ROM|Mixed Platforms.Build.0 = Release|x86
		{4ACB57B3-0CA6-4743-8EBC-9860F5001B0E}.CD_ROM|x86.ActiveCfg = Release|x86
		{4ACB57B3-0CA6-4743-8EBC-9860F5001B0E}.CD_ROM|x86.Build.0 = Release|x86
		{4ACB57B3-0CA6-4743-8EBC-9860F5001B0E}.Debug|Any CPU.ActiveCfg = Debug|x86
		{4ACB57B3-0CA6-4743-8EBC-9860F5001B0E}.Debug|Mixed Platforms.ActiveCfg = Debug|x86
		{4ACB57B3-0CA6-4743-8EBC-9860F5001B0E}.Debug|Mixed Platforms.Build.0 = Debug|x86
		{4ACB57B3-0CA6-4743-8EBC-9860F5001B0E}.Debug|x86.ActiveCfg = Debug|x86
		{4ACB57B3-0CA6-4743-8EBC-9860F5001B0E}.Debug|x86.Build.0 = Debug|x86
		{4ACB57B3-0CA6-4743-8EBC-9860F5001B0E}.DVD-5|Any CPU.ActiveCfg = Debug|x86
		{4ACB57B3-0CA6-4743-8EBC-9860F5001B0E}.DVD-5|Mixed Platforms.ActiveCfg = Debug|x86
		{4ACB57B3-0CA6-4743-8EBC-9860F5001B0E}.DVD-5|Mixed Platforms.Build.0 = Debug|x86
		{4ACB57B3-0CA6-4743-8EBC-9860F5001B0E}.DVD-5|x86.ActiveCfg = Debug|x86
		{4ACB57B3-0CA6-4743-8EBC-9860F5001B0E}.DVD-5|x86.Build.0 = Debug|x86
		{4ACB57B3-0CA6-4743-8EBC-9860F5001B0E}.Release|Any CPU.ActiveCfg = Release|x86
		{4ACB57B3-0CA6-4743-8EBC-9860F5001B0E}.Release|Mixed Platforms.ActiveCfg = Release|x86
		{4ACB57B3-0CA6-4743-8EBC-9860F5001B0E}.Release|Mixed Platforms.Build.0 = Release|x86
		{4ACB57B3-0CA6-4743-8EBC-9860F5001B0E}.Release|x86.ActiveCfg = Release|x86
		{4ACB57B3-0CA6-4743-8EBC-9860F5001B0E}.Release|x86.Build.0 = Release|x86
		{4ACB57B3-0CA6-4743-8EBC-9860F5001B0E}.SingleImage|Any CPU.ActiveCfg = Release|x86
		{4ACB57B3-0CA6-4743-8EBC-9860F5001B0E}.SingleImage|Mixed Platforms.ActiveCfg = Release|x86
		{4ACB57B3-0CA6-4743-8EBC-9860F5001B0E}.SingleImage|Mixed Platforms.Build.0 = Release|x86
		{4ACB57B3-0CA6-4743-8EBC-9860F5001B0E}.SingleImage|x86.ActiveCfg = Release|x86
		{4ACB57B3-0CA6-4743-8EBC-9860F5001B0E}.SingleImage|x86.Build.0 = Release|x86
		{00D88711-CBC5-4BB8-9F59-C5970F8C8F6C}.CD_ROM|Any CPU.ActiveCfg = Release|Any CPU
		{00D88711-CBC5-4BB8-9F59-C5970F8C8F6C}.CD_ROM|Any CPU.Build.0 = Release|Any CPU
		{00D88711-CBC5-4BB8-9F59-C5970F8C8F6C}.CD_ROM|Mixed Platforms.ActiveCfg = Release|Any CPU
		{00D88711-CBC5-4BB8-9F59-C5970F8C8F6C}.CD_ROM|Mixed Platforms.Build.0 = Release|Any CPU
		{00D88711-CBC5-4BB8-9F59-C5970F8C8F6C}.CD_ROM|x86.ActiveCfg = Release|Any CPU
		{00D88711-CBC5-4BB8-9F59-C5970F8C8F6C}.Debug|Any CPU.ActiveCfg = Debug|Any CPU
		{00D88711-CBC5-4BB8-9F59-C5970F8C8F6C}.Debug|Any CPU.Build.0 = Debug|Any CPU
		{00D88711-CBC5-4BB8-9F59-C5970F8C8F6C}.Debug|Mixed Platforms.ActiveCfg = Debug|Any CPU
		{00D88711-CBC5-4BB8-9F59-C5970F8C8F6C}.Debug|Mixed Platforms.Build.0 = Debug|Any CPU
		{00D88711-CBC5-4BB8-9F59-C5970F8C8F6C}.Debug|x86.ActiveCfg = Debug|Any CPU
		{00D88711-CBC5-4BB8-9F59-C5970F8C8F6C}.DVD-5|Any CPU.ActiveCfg = Debug|Any CPU
		{00D88711-CBC5-4BB8-9F59-C5970F8C8F6C}.DVD-5|Any CPU.Build.0 = Debug|Any CPU
		{00D88711-CBC5-4BB8-9F59-C5970F8C8F6C}.DVD-5|Mixed Platforms.ActiveCfg = Debug|Any CPU
		{00D88711-CBC5-4BB8-9F59-C5970F8C8F6C}.DVD-5|Mixed Platforms.Build.0 = Debug|Any CPU
		{00D88711-CBC5-4BB8-9F59-C5970F8C8F6C}.DVD-5|x86.ActiveCfg = Debug|Any CPU
		{00D88711-CBC5-4BB8-9F59-C5970F8C8F6C}.Release|Any CPU.ActiveCfg = Release|Any CPU
		{00D88711-CBC5-4BB8-9F59-C5970F8C8F6C}.Release|Any CPU.Build.0 = Release|Any CPU
		{00D88711-CBC5-4BB8-9F59-C5970F8C8F6C}.Release|Mixed Platforms.ActiveCfg = Release|Any CPU
		{00D88711-CBC5-4BB8-9F59-C5970F8C8F6C}.Release|Mixed Platforms.Build.0 = Release|Any CPU
		{00D88711-CBC5-4BB8-9F59-C5970F8C8F6C}.Release|x86.ActiveCfg = Release|Any CPU
		{00D88711-CBC5-4BB8-9F59-C5970F8C8F6C}.SingleImage|Any CPU.ActiveCfg = Release|Any CPU
		{00D88711-CBC5-4BB8-9F59-C5970F8C8F6C}.SingleImage|Any CPU.Build.0 = Release|Any CPU
		{00D88711-CBC5-4BB8-9F59-C5970F8C8F6C}.SingleImage|Mixed Platforms.ActiveCfg = Release|Any CPU
		{00D88711-CBC5-4BB8-9F59-C5970F8C8F6C}.SingleImage|Mixed Platforms.Build.0 = Release|Any CPU
		{00D88711-CBC5-4BB8-9F59-C5970F8C8F6C}.SingleImage|x86.ActiveCfg = Release|Any CPU
		{782E60CD-9555-487E-8FCD-121597BA472E}.CD_ROM|Any CPU.ActiveCfg = Release|x86
		{782E60CD-9555-487E-8FCD-121597BA472E}.CD_ROM|Mixed Platforms.ActiveCfg = Release|x86
		{782E60CD-9555-487E-8FCD-121597BA472E}.CD_ROM|Mixed Platforms.Build.0 = Release|x86
		{782E60CD-9555-487E-8FCD-121597BA472E}.CD_ROM|x86.ActiveCfg = Release|x86
		{782E60CD-9555-487E-8FCD-121597BA472E}.CD_ROM|x86.Build.0 = Release|x86
		{782E60CD-9555-487E-8FCD-121597BA472E}.Debug|Any CPU.ActiveCfg = Debug|x86
		{782E60CD-9555-487E-8FCD-121597BA472E}.Debug|Mixed Platforms.ActiveCfg = Debug|x86
		{782E60CD-9555-487E-8FCD-121597BA472E}.Debug|Mixed Platforms.Build.0 = Debug|x86
		{782E60CD-9555-487E-8FCD-121597BA472E}.Debug|x86.ActiveCfg = Debug|x86
		{782E60CD-9555-487E-8FCD-121597BA472E}.Debug|x86.Build.0 = Debug|x86
		{782E60CD-9555-487E-8FCD-121597BA472E}.DVD-5|Any CPU.ActiveCfg = Debug|x86
		{782E60CD-9555-487E-8FCD-121597BA472E}.DVD-5|Mixed Platforms.ActiveCfg = Debug|x86
		{782E60CD-9555-487E-8FCD-121597BA472E}.DVD-5|Mixed Platforms.Build.0 = Debug|x86
		{782E60CD-9555-487E-8FCD-121597BA472E}.DVD-5|x86.ActiveCfg = Debug|x86
		{782E60CD-9555-487E-8FCD-121597BA472E}.DVD-5|x86.Build.0 = Debug|x86
		{782E60CD-9555-487E-8FCD-121597BA472E}.Release|Any CPU.ActiveCfg = Release|x86
		{782E60CD-9555-487E-8FCD-121597BA472E}.Release|Mixed Platforms.ActiveCfg = Release|x86
		{782E60CD-9555-487E-8FCD-121597BA472E}.Release|Mixed Platforms.Build.0 = Release|x86
		{782E60CD-9555-487E-8FCD-121597BA472E}.Release|x86.ActiveCfg = Release|x86
		{782E60CD-9555-487E-8FCD-121597BA472E}.Release|x86.Build.0 = Release|x86
		{782E60CD-9555-487E-8FCD-121597BA472E}.SingleImage|Any CPU.ActiveCfg = Release|x86
		{782E60CD-9555-487E-8FCD-121597BA472E}.SingleImage|Mixed Platforms.ActiveCfg = Release|x86
		{782E60CD-9555-487E-8FCD-121597BA472E}.SingleImage|Mixed Platforms.Build.0 = Release|x86
		{782E60CD-9555-487E-8FCD-121597BA472E}.SingleImage|x86.ActiveCfg = Release|x86
		{782E60CD-9555-487E-8FCD-121597BA472E}.SingleImage|x86.Build.0 = Release|x86
		{B6051B7E-78A3-4162-8247-39C9F7FDC73E}.CD_ROM|Any CPU.ActiveCfg = CD_ROM
		{B6051B7E-78A3-4162-8247-39C9F7FDC73E}.CD_ROM|Any CPU.Build.0 = CD_ROM
		{B6051B7E-78A3-4162-8247-39C9F7FDC73E}.CD_ROM|Mixed Platforms.ActiveCfg = CD_ROM
		{B6051B7E-78A3-4162-8247-39C9F7FDC73E}.CD_ROM|Mixed Platforms.Build.0 = CD_ROM
		{B6051B7E-78A3-4162-8247-39C9F7FDC73E}.CD_ROM|x86.ActiveCfg = CD_ROM
		{B6051B7E-78A3-4162-8247-39C9F7FDC73E}.CD_ROM|x86.Build.0 = CD_ROM
		{B6051B7E-78A3-4162-8247-39C9F7FDC73E}.Debug|Any CPU.ActiveCfg = DVD-5
		{B6051B7E-78A3-4162-8247-39C9F7FDC73E}.Debug|Any CPU.Build.0 = DVD-5
		{B6051B7E-78A3-4162-8247-39C9F7FDC73E}.Debug|Mixed Platforms.ActiveCfg = DVD-5
		{B6051B7E-78A3-4162-8247-39C9F7FDC73E}.Debug|Mixed Platforms.Build.0 = DVD-5
		{B6051B7E-78A3-4162-8247-39C9F7FDC73E}.Debug|x86.ActiveCfg = DVD-5
		{B6051B7E-78A3-4162-8247-39C9F7FDC73E}.Debug|x86.Build.0 = DVD-5
		{B6051B7E-78A3-4162-8247-39C9F7FDC73E}.DVD-5|Any CPU.ActiveCfg = DVD-5
		{B6051B7E-78A3-4162-8247-39C9F7FDC73E}.DVD-5|Any CPU.Build.0 = DVD-5
		{B6051B7E-78A3-4162-8247-39C9F7FDC73E}.DVD-5|Mixed Platforms.ActiveCfg = DVD-5
		{B6051B7E-78A3-4162-8247-39C9F7FDC73E}.DVD-5|Mixed Platforms.Build.0 = DVD-5
		{B6051B7E-78A3-4162-8247-39C9F7FDC73E}.DVD-5|x86.ActiveCfg = DVD-5
		{B6051B7E-78A3-4162-8247-39C9F7FDC73E}.DVD-5|x86.Build.0 = DVD-5
		{B6051B7E-78A3-4162-8247-39C9F7FDC73E}.Release|Any CPU.ActiveCfg = SingleImage
		{B6051B7E-78A3-4162-8247-39C9F7FDC73E}.Release|Any CPU.Build.0 = SingleImage
		{B6051B7E-78A3-4162-8247-39C9F7FDC73E}.Release|Mixed Platforms.ActiveCfg = SingleImage
		{B6051B7E-78A3-4162-8247-39C9F7FDC73E}.Release|Mixed Platforms.Build.0 = SingleImage
		{B6051B7E-78A3-4162-8247-39C9F7FDC73E}.Release|x86.ActiveCfg = SingleImage
		{B6051B7E-78A3-4162-8247-39C9F7FDC73E}.Release|x86.Build.0 = SingleImage
		{B6051B7E-78A3-4162-8247-39C9F7FDC73E}.SingleImage|Any CPU.ActiveCfg = SingleImage
		{B6051B7E-78A3-4162-8247-39C9F7FDC73E}.SingleImage|Any CPU.Build.0 = SingleImage
		{B6051B7E-78A3-4162-8247-39C9F7FDC73E}.SingleImage|Mixed Platforms.ActiveCfg = SingleImage
		{B6051B7E-78A3-4162-8247-39C9F7FDC73E}.SingleImage|Mixed Platforms.Build.0 = SingleImage
		{B6051B7E-78A3-4162-8247-39C9F7FDC73E}.SingleImage|x86.ActiveCfg = SingleImage
		{B6051B7E-78A3-4162-8247-39C9F7FDC73E}.SingleImage|x86.Build.0 = SingleImage
		{CE4F6BA1-00E7-4F5C-B9AF-36F1D11D47B9}.CD_ROM|Any CPU.ActiveCfg = CD_ROM
		{CE4F6BA1-00E7-4F5C-B9AF-36F1D11D47B9}.CD_ROM|Any CPU.Build.0 = CD_ROM
		{CE4F6BA1-00E7-4F5C-B9AF-36F1D11D47B9}.CD_ROM|Mixed Platforms.ActiveCfg = CD_ROM
		{CE4F6BA1-00E7-4F5C-B9AF-36F1D11D47B9}.CD_ROM|Mixed Platforms.Build.0 = CD_ROM
		{CE4F6BA1-00E7-4F5C-B9AF-36F1D11D47B9}.CD_ROM|x86.ActiveCfg = CD_ROM
		{CE4F6BA1-00E7-4F5C-B9AF-36F1D11D47B9}.CD_ROM|x86.Build.0 = CD_ROM
		{CE4F6BA1-00E7-4F5C-B9AF-36F1D11D47B9}.Debug|Any CPU.ActiveCfg = DVD-5
		{CE4F6BA1-00E7-4F5C-B9AF-36F1D11D47B9}.Debug|Any CPU.Build.0 = DVD-5
		{CE4F6BA1-00E7-4F5C-B9AF-36F1D11D47B9}.Debug|Mixed Platforms.ActiveCfg = DVD-5
		{CE4F6BA1-00E7-4F5C-B9AF-36F1D11D47B9}.Debug|Mixed Platforms.Build.0 = DVD-5
		{CE4F6BA1-00E7-4F5C-B9AF-36F1D11D47B9}.Debug|x86.ActiveCfg = DVD-5
		{CE4F6BA1-00E7-4F5C-B9AF-36F1D11D47B9}.Debug|x86.Build.0 = DVD-5
		{CE4F6BA1-00E7-4F5C-B9AF-36F1D11D47B9}.DVD-5|Any CPU.ActiveCfg = DVD-5
		{CE4F6BA1-00E7-4F5C-B9AF-36F1D11D47B9}.DVD-5|Any CPU.Build.0 = DVD-5
		{CE4F6BA1-00E7-4F5C-B9AF-36F1D11D47B9}.DVD-5|Mixed Platforms.ActiveCfg = DVD-5
		{CE4F6BA1-00E7-4F5C-B9AF-36F1D11D47B9}.DVD-5|Mixed Platforms.Build.0 = DVD-5
		{CE4F6BA1-00E7-4F5C-B9AF-36F1D11D47B9}.DVD-5|x86.ActiveCfg = DVD-5
		{CE4F6BA1-00E7-4F5C-B9AF-36F1D11D47B9}.DVD-5|x86.Build.0 = DVD-5
		{CE4F6BA1-00E7-4F5C-B9AF-36F1D11D47B9}.Release|Any CPU.ActiveCfg = SingleImage
		{CE4F6BA1-00E7-4F5C-B9AF-36F1D11D47B9}.Release|Any CPU.Build.0 = SingleImage
		{CE4F6BA1-00E7-4F5C-B9AF-36F1D11D47B9}.Release|Mixed Platforms.ActiveCfg = SingleImage
		{CE4F6BA1-00E7-4F5C-B9AF-36F1D11D47B9}.Release|Mixed Platforms.Build.0 = SingleImage
		{CE4F6BA1-00E7-4F5C-B9AF-36F1D11D47B9}.Release|x86.ActiveCfg = SingleImage
		{CE4F6BA1-00E7-4F5C-B9AF-36F1D11D47B9}.Release|x86.Build.0 = SingleImage
		{CE4F6BA1-00E7-4F5C-B9AF-36F1D11D47B9}.SingleImage|Any CPU.ActiveCfg = SingleImage
		{CE4F6BA1-00E7-4F5C-B9AF-36F1D11D47B9}.SingleImage|Any CPU.Build.0 = SingleImage
		{CE4F6BA1-00E7-4F5C-B9AF-36F1D11D47B9}.SingleImage|Mixed Platforms.ActiveCfg = SingleImage
		{CE4F6BA1-00E7-4F5C-B9AF-36F1D11D47B9}.SingleImage|Mixed Platforms.Build.0 = SingleImage
		{CE4F6BA1-00E7-4F5C-B9AF-36F1D11D47B9}.SingleImage|x86.ActiveCfg = SingleImage
		{CE4F6BA1-00E7-4F5C-B9AF-36F1D11D47B9}.SingleImage|x86.Build.0 = SingleImage
		{67C2465C-7B42-4C75-88B7-0B40EB2924FF}.CD_ROM|Any CPU.ActiveCfg = Release|Any CPU
		{67C2465C-7B42-4C75-88B7-0B40EB2924FF}.CD_ROM|Any CPU.Build.0 = Release|Any CPU
		{67C2465C-7B42-4C75-88B7-0B40EB2924FF}.CD_ROM|Mixed Platforms.ActiveCfg = Release|Any CPU
		{67C2465C-7B42-4C75-88B7-0B40EB2924FF}.CD_ROM|Mixed Platforms.Build.0 = Release|Any CPU
		{67C2465C-7B42-4C75-88B7-0B40EB2924FF}.CD_ROM|x86.ActiveCfg = Release|Any CPU
		{67C2465C-7B42-4C75-88B7-0B40EB2924FF}.Debug|Any CPU.ActiveCfg = Debug|Any CPU
		{67C2465C-7B42-4C75-88B7-0B40EB2924FF}.Debug|Any CPU.Build.0 = Debug|Any CPU
		{67C2465C-7B42-4C75-88B7-0B40EB2924FF}.Debug|Mixed Platforms.ActiveCfg = Debug|Any CPU
		{67C2465C-7B42-4C75-88B7-0B40EB2924FF}.Debug|Mixed Platforms.Build.0 = Debug|Any CPU
		{67C2465C-7B42-4C75-88B7-0B40EB2924FF}.Debug|x86.ActiveCfg = Debug|Any CPU
		{67C2465C-7B42-4C75-88B7-0B40EB2924FF}.DVD-5|Any CPU.ActiveCfg = Debug|Any CPU
		{67C2465C-7B42-4C75-88B7-0B40EB2924FF}.DVD-5|Any CPU.Build.0 = Debug|Any CPU
		{67C2465C-7B42-4C75-88B7-0B40EB2924FF}.DVD-5|Mixed Platforms.ActiveCfg = Debug|Any CPU
		{67C2465C-7B42-4C75-88B7-0B40EB2924FF}.DVD-5|Mixed Platforms.Build.0 = Debug|Any CPU
		{67C2465C-7B42-4C75-88B7-0B40EB2924FF}.DVD-5|x86.ActiveCfg = Debug|Any CPU
		{67C2465C-7B42-4C75-88B7-0B40EB2924FF}.Release|Any CPU.ActiveCfg = Release|Any CPU
		{67C2465C-7B42-4C75-88B7-0B40EB2924FF}.Release|Any CPU.Build.0 = Release|Any CPU
		{67C2465C-7B42-4C75-88B7-0B40EB2924FF}.Release|Mixed Platforms.ActiveCfg = Release|Any CPU
		{67C2465C-7B42-4C75-88B7-0B40EB2924FF}.Release|Mixed Platforms.Build.0 = Release|Any CPU
		{67C2465C-7B42-4C75-88B7-0B40EB2924FF}.Release|x86.ActiveCfg = Release|Any CPU
		{67C2465C-7B42-4C75-88B7-0B40EB2924FF}.SingleImage|Any CPU.ActiveCfg = Release|Any CPU
		{67C2465C-7B42-4C75-88B7-0B40EB2924FF}.SingleImage|Any CPU.Build.0 = Release|Any CPU
		{67C2465C-7B42-4C75-88B7-0B40EB2924FF}.SingleImage|Mixed Platforms.ActiveCfg = Release|Any CPU
		{67C2465C-7B42-4C75-88B7-0B40EB2924FF}.SingleImage|Mixed Platforms.Build.0 = Release|Any CPU
		{67C2465C-7B42-4C75-88B7-0B40EB2924FF}.SingleImage|x86.ActiveCfg = Release|Any CPU
	EndGlobalSection
	GlobalSection(SolutionProperties) = preSolution
		HideSolutionNode = FALSE
	EndGlobalSection
EndGlobal
